// !$*UTF8*$!
{
	archiveVersion = 1;
	classes = {
	};
	objectVersion = 46;
	objects = {

/* Begin PBXBuildFile section */
		5A606AB31A47F457004BAE0E /* SnookerVideoEventDetector.cpp in Sources */ = {isa = PBXBuildFile; fileRef = 5A606AB21A47F457004BAE0E /* SnookerVideoEventDetector.cpp */; };
		5A606ABA1A47FB91004BAE0E /* CommonStructure.cpp in Sources */ = {isa = PBXBuildFile; fileRef = 5A606AB41A47FB91004BAE0E /* CommonStructure.cpp */; };
		5A606ABB1A47FB91004BAE0E /* ReplayDetector.cpp in Sources */ = {isa = PBXBuildFile; fileRef = 5A606AB61A47FB91004BAE0E /* ReplayDetector.cpp */; };
		5A606ABC1A47FB91004BAE0E /* ShotCut.cpp in Sources */ = {isa = PBXBuildFile; fileRef = 5A606AB81A47FB91004BAE0E /* ShotCut.cpp */; };
		5A606ABE1A48046B004BAE0E /* libopencv_video.dylib in Frameworks */ = {isa = PBXBuildFile; fileRef = 5A606ABD1A48046B004BAE0E /* libopencv_video.dylib */; };
		5A606AC01A4805BB004BAE0E /* libopencv_legacy.dylib in Frameworks */ = {isa = PBXBuildFile; fileRef = 5A606ABF1A4805BB004BAE0E /* libopencv_legacy.dylib */; };
		5AC830D71A47C61E00B19B0D /* main.cpp in Sources */ = {isa = PBXBuildFile; fileRef = 5AC830D61A47C61E00B19B0D /* main.cpp */; };
		5AC830E01A47C73900B19B0D /* libopencv_core.dylib in Frameworks */ = {isa = PBXBuildFile; fileRef = 5AC830DD1A47C73900B19B0D /* libopencv_core.dylib */; };
		5AC830E11A47C73900B19B0D /* libopencv_highgui.dylib in Frameworks */ = {isa = PBXBuildFile; fileRef = 5AC830DE1A47C73900B19B0D /* libopencv_highgui.dylib */; };
		5AC830E21A47C73900B19B0D /* libopencv_imgproc.dylib in Frameworks */ = {isa = PBXBuildFile; fileRef = 5AC830DF1A47C73900B19B0D /* libopencv_imgproc.dylib */; };
/* End PBXBuildFile section */

/* Begin PBXCopyFilesBuildPhase section */
		5AC830D11A47C61D00B19B0D /* CopyFiles */ = {
			isa = PBXCopyFilesBuildPhase;
			buildActionMask = 2147483647;
			dstPath = /usr/share/man/man1/;
			dstSubfolderSpec = 0;
			files = (
			);
			runOnlyForDeploymentPostprocessing = 1;
		};
/* End PBXCopyFilesBuildPhase section */

/* Begin PBXFileReference section */
		5A606AB21A47F457004BAE0E /* SnookerVideoEventDetector.cpp */ = {isa = PBXFileReference; fileEncoding = 4; lastKnownFileType = sourcecode.cpp.cpp; path = SnookerVideoEventDetector.cpp; sourceTree = "<group>"; wrapsLines = 0; };
		5A606AB41A47FB91004BAE0E /* CommonStructure.cpp */ = {isa = PBXFileReference; fileEncoding = 4; lastKnownFileType = sourcecode.cpp.cpp; path = CommonStructure.cpp; sourceTree = "<group>"; };
		5A606AB51A47FB91004BAE0E /* CommonStructure.h */ = {isa = PBXFileReference; fileEncoding = 4; lastKnownFileType = sourcecode.c.h; path = CommonStructure.h; sourceTree = "<group>"; };
		5A606AB61A47FB91004BAE0E /* ReplayDetector.cpp */ = {isa = PBXFileReference; fileEncoding = 4; lastKnownFileType = sourcecode.cpp.cpp; path = ReplayDetector.cpp; sourceTree = "<group>"; };
		5A606AB71A47FB91004BAE0E /* ReplayDetector.h */ = {isa = PBXFileReference; fileEncoding = 4; lastKnownFileType = sourcecode.c.h; path = ReplayDetector.h; sourceTree = "<group>"; };
		5A606AB81A47FB91004BAE0E /* ShotCut.cpp */ = {isa = PBXFileReference; fileEncoding = 4; lastKnownFileType = sourcecode.cpp.cpp; path = ShotCut.cpp; sourceTree = "<group>"; };
		5A606AB91A47FB91004BAE0E /* ShotCut.h */ = {isa = PBXFileReference; fileEncoding = 4; lastKnownFileType = sourcecode.c.h; path = ShotCut.h; sourceTree = "<group>"; };
		5A606ABD1A48046B004BAE0E /* libopencv_video.dylib */ = {isa = PBXFileReference; lastKnownFileType = "compiled.mach-o.dylib"; name = libopencv_video.dylib; path = ../../../../usr/local/Cellar/opencv/2.4.9/lib/libopencv_video.dylib; sourceTree = "<group>"; };
		5A606ABF1A4805BB004BAE0E /* libopencv_legacy.dylib */ = {isa = PBXFileReference; lastKnownFileType = "compiled.mach-o.dylib"; name = libopencv_legacy.dylib; path = ../../../../usr/local/Cellar/opencv/2.4.9/lib/libopencv_legacy.dylib; sourceTree = "<group>"; };
		5AC830D31A47C61D00B19B0D /* SnookerVideoEventDetector */ = {isa = PBXFileReference; explicitFileType = "compiled.mach-o.executable"; includeInIndex = 0; path = SnookerVideoEventDetector; sourceTree = BUILT_PRODUCTS_DIR; };
		5AC830D61A47C61E00B19B0D /* main.cpp */ = {isa = PBXFileReference; lastKnownFileType = sourcecode.cpp.cpp; path = main.cpp; sourceTree = "<group>"; };
		5AC830DD1A47C73900B19B0D /* libopencv_core.dylib */ = {isa = PBXFileReference; lastKnownFileType = "compiled.mach-o.dylib"; name = libopencv_core.dylib; path = ../../../../usr/local/lib/libopencv_core.dylib; sourceTree = "<group>"; };
		5AC830DE1A47C73900B19B0D /* libopencv_highgui.dylib */ = {isa = PBXFileReference; lastKnownFileType = "compiled.mach-o.dylib"; name = libopencv_highgui.dylib; path = ../../../../usr/local/lib/libopencv_highgui.dylib; sourceTree = "<group>"; };
		5AC830DF1A47C73900B19B0D /* libopencv_imgproc.dylib */ = {isa = PBXFileReference; lastKnownFileType = "compiled.mach-o.dylib"; name = libopencv_imgproc.dylib; path = ../../../../usr/local/lib/libopencv_imgproc.dylib; sourceTree = "<group>"; };
		5AC830E31A47C80300B19B0D /* SnookerVideoEventDetector.h */ = {isa = PBXFileReference; lastKnownFileType = sourcecode.c.h; path = SnookerVideoEventDetector.h; sourceTree = "<group>"; };
/* End PBXFileReference section */

/* Begin PBXFrameworksBuildPhase section */
		5AC830D01A47C61D00B19B0D /* Frameworks */ = {
			isa = PBXFrameworksBuildPhase;
			buildActionMask = 2147483647;
			files = (
				5A606ABE1A48046B004BAE0E /* libopencv_video.dylib in Frameworks */,
				5A606AC01A4805BB004BAE0E /* libopencv_legacy.dylib in Frameworks */,
				5AC830E01A47C73900B19B0D /* libopencv_core.dylib in Frameworks */,
				5AC830E11A47C73900B19B0D /* libopencv_highgui.dylib in Frameworks */,
				5AC830E21A47C73900B19B0D /* libopencv_imgproc.dylib in Frameworks */,
			);
			runOnlyForDeploymentPostprocessing = 0;
		};
/* End PBXFrameworksBuildPhase section */

/* Begin PBXGroup section */
		5AC830CA1A47C61D00B19B0D = {
			isa = PBXGroup;
			children = (
				5A606ABF1A4805BB004BAE0E /* libopencv_legacy.dylib */,
				5A606ABD1A48046B004BAE0E /* libopencv_video.dylib */,
				5AC830DD1A47C73900B19B0D /* libopencv_core.dylib */,
				5AC830DE1A47C73900B19B0D /* libopencv_highgui.dylib */,
				5AC830DF1A47C73900B19B0D /* libopencv_imgproc.dylib */,
				5AC830D51A47C61D00B19B0D /* SnookerVideoEventDetector */,
				5AC830D41A47C61D00B19B0D /* Products */,
			);
			sourceTree = "<group>";
		};
		5AC830D41A47C61D00B19B0D /* Products */ = {
			isa = PBXGroup;
			children = (
				5AC830D31A47C61D00B19B0D /* SnookerVideoEventDetector */,
			);
			name = Products;
			sourceTree = "<group>";
		};
		5AC830D51A47C61D00B19B0D /* SnookerVideoEventDetector */ = {
			isa = PBXGroup;
			children = (
				5A606AB41A47FB91004BAE0E /* CommonStructure.cpp */,
				5A606AB51A47FB91004BAE0E /* CommonStructure.h */,
				5A606AB61A47FB91004BAE0E /* ReplayDetector.cpp */,
				5A606AB71A47FB91004BAE0E /* ReplayDetector.h */,
				5A606AB81A47FB91004BAE0E /* ShotCut.cpp */,
				5A606AB91A47FB91004BAE0E /* ShotCut.h */,
				5AC830D61A47C61E00B19B0D /* main.cpp */,
				5AC830E31A47C80300B19B0D /* SnookerVideoEventDetector.h */,
				5A606AB21A47F457004BAE0E /* SnookerVideoEventDetector.cpp */,
			);
			path = SnookerVideoEventDetector;
			sourceTree = "<group>";
		};
/* End PBXGroup section */

/* Begin PBXNativeTarget section */
		5AC830D21A47C61D00B19B0D /* SnookerVideoEventDetector */ = {
			isa = PBXNativeTarget;
			buildConfigurationList = 5AC830DA1A47C61E00B19B0D /* Build configuration list for PBXNativeTarget "SnookerVideoEventDetector" */;
			buildPhases = (
				5AC830CF1A47C61D00B19B0D /* Sources */,
				5AC830D01A47C61D00B19B0D /* Frameworks */,
				5AC830D11A47C61D00B19B0D /* CopyFiles */,
			);
			buildRules = (
			);
			dependencies = (
			);
			name = SnookerVideoEventDetector;
			productName = SnookerVideoEventDetector;
			productReference = 5AC830D31A47C61D00B19B0D /* SnookerVideoEventDetector */;
			productType = "com.apple.product-type.tool";
		};
/* End PBXNativeTarget section */

/* Begin PBXProject section */
		5AC830CB1A47C61D00B19B0D /* Project object */ = {
			isa = PBXProject;
			attributes = {
				LastUpgradeCheck = 0610;
				ORGANIZATIONNAME = "Yixin Huang";
				TargetAttributes = {
					5AC830D21A47C61D00B19B0D = {
						CreatedOnToolsVersion = 6.1.1;
					};
				};
			};
			buildConfigurationList = 5AC830CE1A47C61D00B19B0D /* Build configuration list for PBXProject "SnookerVideoEventDetector" */;
			compatibilityVersion = "Xcode 3.2";
			developmentRegion = English;
			hasScannedForEncodings = 0;
			knownRegions = (
				en,
			);
			mainGroup = 5AC830CA1A47C61D00B19B0D;
			productRefGroup = 5AC830D41A47C61D00B19B0D /* Products */;
			projectDirPath = "";
			projectRoot = "";
			targets = (
				5AC830D21A47C61D00B19B0D /* SnookerVideoEventDetector */,
			);
		};
/* End PBXProject section */

/* Begin PBXSourcesBuildPhase section */
		5AC830CF1A47C61D00B19B0D /* Sources */ = {
			isa = PBXSourcesBuildPhase;
			buildActionMask = 2147483647;
			files = (
				5A606AB31A47F457004BAE0E /* SnookerVideoEventDetector.cpp in Sources */,
				5AC830D71A47C61E00B19B0D /* main.cpp in Sources */,
				5A606ABB1A47FB91004BAE0E /* ReplayDetector.cpp in Sources */,
				5A606ABC1A47FB91004BAE0E /* ShotCut.cpp in Sources */,
				5A606ABA1A47FB91004BAE0E /* CommonStructure.cpp in Sources */,
			);
			runOnlyForDeploymentPostprocessing = 0;
		};
/* End PBXSourcesBuildPhase section */

/* Begin XCBuildConfiguration section */
		5AC830D81A47C61E00B19B0D /* Debug */ = {
			isa = XCBuildConfiguration;
			buildSettings = {
				ALWAYS_SEARCH_USER_PATHS = NO;
				CLANG_CXX_LANGUAGE_STANDARD = "gnu++0x";
				CLANG_CXX_LIBRARY = "libc++";
				CLANG_ENABLE_MODULES = YES;
				CLANG_ENABLE_OBJC_ARC = YES;
				CLANG_WARN_BOOL_CONVERSION = YES;
				CLANG_WARN_CONSTANT_CONVERSION = YES;
				CLANG_WARN_DIRECT_OBJC_ISA_USAGE = YES_ERROR;
				CLANG_WARN_EMPTY_BODY = YES;
				CLANG_WARN_ENUM_CONVERSION = YES;
				CLANG_WARN_INT_CONVERSION = YES;
				CLANG_WARN_OBJC_ROOT_CLASS = YES_ERROR;
				CLANG_WARN_UNREACHABLE_CODE = YES;
				CLANG_WARN__DUPLICATE_METHOD_MATCH = YES;
				COPY_PHASE_STRIP = NO;
				ENABLE_STRICT_OBJC_MSGSEND = YES;
				GCC_C_LANGUAGE_STANDARD = gnu99;
				GCC_DYNAMIC_NO_PIC = NO;
				GCC_OPTIMIZATION_LEVEL = 0;
				GCC_PREPROCESSOR_DEFINITIONS = (
					"DEBUG=1",
					"$(inherited)",
				);
				GCC_SYMBOLS_PRIVATE_EXTERN = NO;
				GCC_WARN_64_TO_32_BIT_CONVERSION = YES;
				GCC_WARN_ABOUT_RETURN_TYPE = YES_ERROR;
				GCC_WARN_UNDECLARED_SELECTOR = YES;
				GCC_WARN_UNINITIALIZED_AUTOS = YES_AGGRESSIVE;
				GCC_WARN_UNUSED_FUNCTION = YES;
				GCC_WARN_UNUSED_VARIABLE = YES;
				MACOSX_DEPLOYMENT_TARGET = 10.10;
				MTL_ENABLE_DEBUG_INFO = YES;
				ONLY_ACTIVE_ARCH = YES;
				SDKROOT = macosx;
			};
			name = Debug;
		};
		5AC830D91A47C61E00B19B0D /* Release */ = {
			isa = XCBuildConfiguration;
			buildSettings = {
				ALWAYS_SEARCH_USER_PATHS = NO;
				CLANG_CXX_LANGUAGE_STANDARD = "gnu++0x";
				CLANG_CXX_LIBRARY = "libc++";
				CLANG_ENABLE_MODULES = YES;
				CLANG_ENABLE_OBJC_ARC = YES;
				CLANG_WARN_BOOL_CONVERSION = YES;
				CLANG_WARN_CONSTANT_CONVERSION = YES;
				CLANG_WARN_DIRECT_OBJC_ISA_USAGE = YES_ERROR;
				CLANG_WARN_EMPTY_BODY = YES;
				CLANG_WARN_ENUM_CONVERSION = YES;
				CLANG_WARN_INT_CONVERSION = YES;
				CLANG_WARN_OBJC_ROOT_CLASS = YES_ERROR;
				CLANG_WARN_UNREACHABLE_CODE = YES;
				CLANG_WARN__DUPLICATE_METHOD_MATCH = YES;
				COPY_PHASE_STRIP = YES;
				DEBUG_INFORMATION_FORMAT = "dwarf-with-dsym";
				ENABLE_NS_ASSERTIONS = NO;
				ENABLE_STRICT_OBJC_MSGSEND = YES;
				GCC_C_LANGUAGE_STANDARD = gnu99;
				GCC_WARN_64_TO_32_BIT_CONVERSION = YES;
				GCC_WARN_ABOUT_RETURN_TYPE = YES_ERROR;
				GCC_WARN_UNDECLARED_SELECTOR = YES;
				GCC_WARN_UNINITIALIZED_AUTOS = YES_AGGRESSIVE;
				GCC_WARN_UNUSED_FUNCTION = YES;
				GCC_WARN_UNUSED_VARIABLE = YES;
				MACOSX_DEPLOYMENT_TARGET = 10.10;
				MTL_ENABLE_DEBUG_INFO = NO;
				SDKROOT = macosx;
			};
			name = Release;
		};
		5AC830DB1A47C61E00B19B0D /* Debug */ = {
			isa = XCBuildConfiguration;
			buildSettings = {
				HEADER_SEARCH_PATHS = (
					"$(inherited)",
					/usr/local/include,
					/Applications/Xcode.app/Contents/Developer/Toolchains/XcodeDefault.xctoolchain/usr/include,
				);
				LIBRARY_SEARCH_PATHS = (
					/usr/local/lib,
					/usr/local/Cellar/opencv/2.4.9/lib,
				);
				PRODUCT_NAME = "$(TARGET_NAME)";
			};
			name = Debug;
		};
		5AC830DC1A47C61E00B19B0D /* Release */ = {
			isa = XCBuildConfiguration;
			buildSettings = {
				HEADER_SEARCH_PATHS = (
					"$(inherited)",
					/usr/local/include,
					/Applications/Xcode.app/Contents/Developer/Toolchains/XcodeDefault.xctoolchain/usr/include,
				);
				LIBRARY_SEARCH_PATHS = (
					/usr/local/lib,
					/usr/local/Cellar/opencv/2.4.9/lib,
				);
				PRODUCT_NAME = "$(TARGET_NAME)";
			};
			name = Release;
		};
/* End XCBuildConfiguration section */

/* Begin XCConfigurationList section */
		5AC830CE1A47C61D00B19B0D /* Build configuration list for PBXProject "SnookerVideoEventDetector" */ = {
			isa = XCConfigurationList;
			buildConfigurations = (
				5AC830D81A47C61E00B19B0D /* Debug */,
				5AC830D91A47C61E00B19B0D /* Release */,
			);
			defaultConfigurationIsVisible = 0;
			defaultConfigurationName = Release;
		};
		5AC830DA1A47C61E00B19B0D /* Build configuration list for PBXNativeTarget "SnookerVideoEventDetector" */ = {
			isa = XCConfigurationList;
			buildConfigurations = (
				5AC830DB1A47C61E00B19B0D /* Debug */,
				5AC830DC1A47C61E00B19B0D /* Release */,
			);
			defaultConfigurationIsVisible = 0;
			defaultConfigurationName = Release;
		};
/* End XCConfigurationList section */
	};
	rootObject = 5AC830CB1A47C61D00B19B0D /* Project object */;
}
